// !$*UTF8*$!
{
	archiveVersion = 1;
	classes = {
	};
	objectVersion = 55;
	objects = {

/* Begin PBXBuildFile section */
		FF4C69C92704ECA1009AE4D7 /* GenericWrapper.swift in Sources */ = {isa = PBXBuildFile; fileRef = FF4C69C82704ECA1009AE4D7 /* GenericWrapper.swift */; };
		FF5A47D827065B8000618F05 /* AddSubscriptionView.swift in Sources */ = {isa = PBXBuildFile; fileRef = FF5A47D727065B8000618F05 /* AddSubscriptionView.swift */; };
		FF5A47D927065B8000618F05 /* AddSubscriptionView.swift in Sources */ = {isa = PBXBuildFile; fileRef = FF5A47D727065B8000618F05 /* AddSubscriptionView.swift */; };
		FF5A47DE2706616F00618F05 /* AddCategoryView.swift in Sources */ = {isa = PBXBuildFile; fileRef = FF5A47DD2706616F00618F05 /* AddCategoryView.swift */; };
		FF5A47DF2706616F00618F05 /* AddCategoryView.swift in Sources */ = {isa = PBXBuildFile; fileRef = FF5A47DD2706616F00618F05 /* AddCategoryView.swift */; };
		FF5E4D1D2708D0C1001FEF11 /* FeedList.swift in Sources */ = {isa = PBXBuildFile; fileRef = FF5E4D1C2708D0C1001FEF11 /* FeedList.swift */; };
		FF5E4D1E2708D0C1001FEF11 /* FeedList.swift in Sources */ = {isa = PBXBuildFile; fileRef = FF5E4D1C2708D0C1001FEF11 /* FeedList.swift */; };
		FFDCD42D2704C28700E02934 /* Feedex.xcdatamodeld in Sources */ = {isa = PBXBuildFile; fileRef = FFDCD41A2704C28600E02934 /* Feedex.xcdatamodeld */; };
		FFDCD42E2704C28700E02934 /* Feedex.xcdatamodeld in Sources */ = {isa = PBXBuildFile; fileRef = FFDCD41A2704C28600E02934 /* Feedex.xcdatamodeld */; };
		FFDCD42F2704C28700E02934 /* FeedexApp.swift in Sources */ = {isa = PBXBuildFile; fileRef = FFDCD41C2704C28600E02934 /* FeedexApp.swift */; };
		FFDCD4302704C28700E02934 /* FeedexApp.swift in Sources */ = {isa = PBXBuildFile; fileRef = FFDCD41C2704C28600E02934 /* FeedexApp.swift */; };
		FFDCD4312704C28700E02934 /* ContentView.swift in Sources */ = {isa = PBXBuildFile; fileRef = FFDCD41D2704C28600E02934 /* ContentView.swift */; };
		FFDCD4322704C28700E02934 /* ContentView.swift in Sources */ = {isa = PBXBuildFile; fileRef = FFDCD41D2704C28600E02934 /* ContentView.swift */; };
		FFDCD4332704C28700E02934 /* Persistence.swift in Sources */ = {isa = PBXBuildFile; fileRef = FFDCD41E2704C28600E02934 /* Persistence.swift */; };
		FFDCD4342704C28700E02934 /* Persistence.swift in Sources */ = {isa = PBXBuildFile; fileRef = FFDCD41E2704C28600E02934 /* Persistence.swift */; };
		FFDCD4352704C28700E02934 /* Assets.xcassets in Resources */ = {isa = PBXBuildFile; fileRef = FFDCD41F2704C28700E02934 /* Assets.xcassets */; };
		FFDCD4362704C28700E02934 /* Assets.xcassets in Resources */ = {isa = PBXBuildFile; fileRef = FFDCD41F2704C28700E02934 /* Assets.xcassets */; };
		FFE078CF27062B6B0057F7AA /* SwiftSoup in Frameworks */ = {isa = PBXBuildFile; productRef = FFE078CE27062B6B0057F7AA /* SwiftSoup */; };
		FFE078D227062B920057F7AA /* XMLFetchers.swift in Sources */ = {isa = PBXBuildFile; fileRef = FFE078D127062B920057F7AA /* XMLFetchers.swift */; };
/* End PBXBuildFile section */

/* Begin PBXFileReference section */
		FF4C69C82704ECA1009AE4D7 /* GenericWrapper.swift */ = {isa = PBXFileReference; lastKnownFileType = sourcecode.swift; path = GenericWrapper.swift; sourceTree = "<group>"; };
		FF5A47D727065B8000618F05 /* AddSubscriptionView.swift */ = {isa = PBXFileReference; lastKnownFileType = sourcecode.swift; path = AddSubscriptionView.swift; sourceTree = "<group>"; };
		FF5A47DD2706616F00618F05 /* AddCategoryView.swift */ = {isa = PBXFileReference; lastKnownFileType = sourcecode.swift; path = AddCategoryView.swift; sourceTree = "<group>"; };
		FF5E4D1C2708D0C1001FEF11 /* FeedList.swift */ = {isa = PBXFileReference; lastKnownFileType = sourcecode.swift; path = FeedList.swift; sourceTree = "<group>"; };
		FFDCD41B2704C28600E02934 /* Shared.xcdatamodel */ = {isa = PBXFileReference; lastKnownFileType = wrapper.xcdatamodel; path = Shared.xcdatamodel; sourceTree = "<group>"; };
		FFDCD41C2704C28600E02934 /* FeedexApp.swift */ = {isa = PBXFileReference; lastKnownFileType = sourcecode.swift; path = FeedexApp.swift; sourceTree = "<group>"; };
		FFDCD41D2704C28600E02934 /* ContentView.swift */ = {isa = PBXFileReference; lastKnownFileType = sourcecode.swift; path = ContentView.swift; sourceTree = "<group>"; };
		FFDCD41E2704C28600E02934 /* Persistence.swift */ = {isa = PBXFileReference; lastKnownFileType = sourcecode.swift; path = Persistence.swift; sourceTree = "<group>"; };
		FFDCD41F2704C28700E02934 /* Assets.xcassets */ = {isa = PBXFileReference; lastKnownFileType = folder.assetcatalog; path = Assets.xcassets; sourceTree = "<group>"; };
		FFDCD4242704C28700E02934 /* Feedex.app */ = {isa = PBXFileReference; explicitFileType = wrapper.application; includeInIndex = 0; path = Feedex.app; sourceTree = BUILT_PRODUCTS_DIR; };
		FFDCD42A2704C28700E02934 /* Feedex.app */ = {isa = PBXFileReference; explicitFileType = wrapper.application; includeInIndex = 0; path = Feedex.app; sourceTree = BUILT_PRODUCTS_DIR; };
		FFDCD42C2704C28700E02934 /* macOS.entitlements */ = {isa = PBXFileReference; lastKnownFileType = text.plist.entitlements; path = macOS.entitlements; sourceTree = "<group>"; };
		FFE078D127062B920057F7AA /* XMLFetchers.swift */ = {isa = PBXFileReference; lastKnownFileType = sourcecode.swift; path = XMLFetchers.swift; sourceTree = "<group>"; };
/* End PBXFileReference section */

/* Begin PBXFrameworksBuildPhase section */
		FFDCD4212704C28700E02934 /* Frameworks */ = {
			isa = PBXFrameworksBuildPhase;
			buildActionMask = 2147483647;
			files = (
				FFE078CF27062B6B0057F7AA /* SwiftSoup in Frameworks */,
			);
			runOnlyForDeploymentPostprocessing = 0;
		};
		FFDCD4272704C28700E02934 /* Frameworks */ = {
			isa = PBXFrameworksBuildPhase;
			buildActionMask = 2147483647;
			files = (
			);
			runOnlyForDeploymentPostprocessing = 0;
		};
/* End PBXFrameworksBuildPhase section */

/* Begin PBXGroup section */
		FF4C69C62704EC69009AE4D7 /* Datatype */ = {
			isa = PBXGroup;
			children = (
				FF4C69C82704ECA1009AE4D7 /* GenericWrapper.swift */,
			);
			path = Datatype;
			sourceTree = "<group>";
		};
		FF5A47D627065B7300618F05 /* Views */ = {
			isa = PBXGroup;
			children = (
				FFDCD41D2704C28600E02934 /* ContentView.swift */,
				FF5A47D727065B8000618F05 /* AddSubscriptionView.swift */,
				FF5A47DD2706616F00618F05 /* AddCategoryView.swift */,
				FF5E4D1C2708D0C1001FEF11 /* FeedList.swift */,
			);
			path = Views;
			sourceTree = "<group>";
		};
		FF5A47E0270665B800618F05 /* Model */ = {
			isa = PBXGroup;
			children = (
				FFDCD41A2704C28600E02934 /* Feedex.xcdatamodeld */,
				FFDCD41E2704C28600E02934 /* Persistence.swift */,
				FFE078D027062B7B0057F7AA /* XML Handler */,
			);
			path = Model;
			sourceTree = "<group>";
		};
		FFDCD4142704C28500E02934 = {
			isa = PBXGroup;
			children = (
				FFDCD4192704C28600E02934 /* Shared */,
				FFDCD42B2704C28700E02934 /* macOS */,
				FFDCD4252704C28700E02934 /* Products */,
			);
			sourceTree = "<group>";
		};
		FFDCD4192704C28600E02934 /* Shared */ = {
			isa = PBXGroup;
			children = (
				FFDCD41C2704C28600E02934 /* FeedexApp.swift */,
				FFDCD41F2704C28700E02934 /* Assets.xcassets */,
				FF5A47E0270665B800618F05 /* Model */,
				FF5A47D627065B7300618F05 /* Views */,
				FF4C69C62704EC69009AE4D7 /* Datatype */,
			);
			path = Shared;
			sourceTree = "<group>";
		};
		FFDCD4252704C28700E02934 /* Products */ = {
			isa = PBXGroup;
			children = (
				FFDCD4242704C28700E02934 /* Feedex.app */,
				FFDCD42A2704C28700E02934 /* Feedex.app */,
			);
			name = Products;
			sourceTree = "<group>";
		};
		FFDCD42B2704C28700E02934 /* macOS */ = {
			isa = PBXGroup;
			children = (
				FFDCD42C2704C28700E02934 /* macOS.entitlements */,
			);
			path = macOS;
			sourceTree = "<group>";
		};
		FFE078D027062B7B0057F7AA /* XML Handler */ = {
			isa = PBXGroup;
			children = (
				FFE078D127062B920057F7AA /* XMLFetchers.swift */,
			);
			path = "XML Handler";
			sourceTree = "<group>";
		};
/* End PBXGroup section */

/* Begin PBXNativeTarget section */
		FFDCD4232704C28700E02934 /* Feedex (iOS) */ = {
			isa = PBXNativeTarget;
			buildConfigurationList = FFDCD4392704C28700E02934 /* Build configuration list for PBXNativeTarget "Feedex (iOS)" */;
			buildPhases = (
				FFDCD4202704C28700E02934 /* Sources */,
				FFDCD4212704C28700E02934 /* Frameworks */,
				FFDCD4222704C28700E02934 /* Resources */,
			);
			buildRules = (
			);
			dependencies = (
			);
			name = "Feedex (iOS)";
			packageProductDependencies = (
				FFE078CE27062B6B0057F7AA /* SwiftSoup */,
			);
			productName = "Feedex (iOS)";
			productReference = FFDCD4242704C28700E02934 /* Feedex.app */;
			productType = "com.apple.product-type.application";
		};
		FFDCD4292704C28700E02934 /* Feedex (macOS) */ = {
			isa = PBXNativeTarget;
			buildConfigurationList = FFDCD43C2704C28700E02934 /* Build configuration list for PBXNativeTarget "Feedex (macOS)" */;
			buildPhases = (
				FFDCD4262704C28700E02934 /* Sources */,
				FFDCD4272704C28700E02934 /* Frameworks */,
				FFDCD4282704C28700E02934 /* Resources */,
			);
			buildRules = (
			);
			dependencies = (
			);
			name = "Feedex (macOS)";
			productName = "Feedex (macOS)";
			productReference = FFDCD42A2704C28700E02934 /* Feedex.app */;
			productType = "com.apple.product-type.application";
		};
/* End PBXNativeTarget section */

/* Begin PBXProject section */
		FFDCD4152704C28500E02934 /* Project object */ = {
			isa = PBXProject;
			attributes = {
				BuildIndependentTargetsInParallel = 1;
				LastSwiftUpdateCheck = 1300;
				LastUpgradeCheck = 1300;
				TargetAttributes = {
					FFDCD4232704C28700E02934 = {
						CreatedOnToolsVersion = 13.0;
					};
					FFDCD4292704C28700E02934 = {
						CreatedOnToolsVersion = 13.0;
					};
				};
			};
			buildConfigurationList = FFDCD4182704C28500E02934 /* Build configuration list for PBXProject "Feedex" */;
			compatibilityVersion = "Xcode 13.0";
			developmentRegion = en;
			hasScannedForEncodings = 0;
			knownRegions = (
				en,
				Base,
			);
			mainGroup = FFDCD4142704C28500E02934;
			packageReferences = (
				FFE078CD27062B6B0057F7AA /* XCRemoteSwiftPackageReference "SwiftSoup" */,
			);
			productRefGroup = FFDCD4252704C28700E02934 /* Products */;
			projectDirPath = "";
			projectRoot = "";
			targets = (
				FFDCD4232704C28700E02934 /* Feedex (iOS) */,
				FFDCD4292704C28700E02934 /* Feedex (macOS) */,
			);
		};
/* End PBXProject section */

/* Begin PBXResourcesBuildPhase section */
		FFDCD4222704C28700E02934 /* Resources */ = {
			isa = PBXResourcesBuildPhase;
			buildActionMask = 2147483647;
			files = (
				FFDCD4352704C28700E02934 /* Assets.xcassets in Resources */,
			);
			runOnlyForDeploymentPostprocessing = 0;
		};
		FFDCD4282704C28700E02934 /* Resources */ = {
			isa = PBXResourcesBuildPhase;
			buildActionMask = 2147483647;
			files = (
				FFDCD4362704C28700E02934 /* Assets.xcassets in Resources */,
			);
			runOnlyForDeploymentPostprocessing = 0;
		};
/* End PBXResourcesBuildPhase section */

/* Begin PBXSourcesBuildPhase section */
		FFDCD4202704C28700E02934 /* Sources */ = {
			isa = PBXSourcesBuildPhase;
			buildActionMask = 2147483647;
			files = (
				FFDCD42F2704C28700E02934 /* FeedexApp.swift in Sources */,
				FF4C69C92704ECA1009AE4D7 /* GenericWrapper.swift in Sources */,
				FF5A47DE2706616F00618F05 /* AddCategoryView.swift in Sources */,
				FF5A47D827065B8000618F05 /* AddSubscriptionView.swift in Sources */,
				FF5E4D1D2708D0C1001FEF11 /* FeedList.swift in Sources */,
				FFDCD4332704C28700E02934 /* Persistence.swift in Sources */,
				FFDCD42D2704C28700E02934 /* Feedex.xcdatamodeld in Sources */,
				FFDCD4312704C28700E02934 /* ContentView.swift in Sources */,
				FFE078D227062B920057F7AA /* XMLFetchers.swift in Sources */,
			);
			runOnlyForDeploymentPostprocessing = 0;
		};
		FFDCD4262704C28700E02934 /* Sources */ = {
			isa = PBXSourcesBuildPhase;
			buildActionMask = 2147483647;
			files = (
				FF5A47DF2706616F00618F05 /* AddCategoryView.swift in Sources */,
				FFDCD4302704C28700E02934 /* FeedexApp.swift in Sources */,
				FFDCD4342704C28700E02934 /* Persistence.swift in Sources */,
				FFDCD42E2704C28700E02934 /* Feedex.xcdatamodeld in Sources */,
				FF5A47D927065B8000618F05 /* AddSubscriptionView.swift in Sources */,
				FFDCD4322704C28700E02934 /* ContentView.swift in Sources */,
				FF5E4D1E2708D0C1001FEF11 /* FeedList.swift in Sources */,
			);
			runOnlyForDeploymentPostprocessing = 0;
		};
/* End PBXSourcesBuildPhase section */

/* Begin XCBuildConfiguration section */
		FFDCD4372704C28700E02934 /* Debug */ = {
			isa = XCBuildConfiguration;
			buildSettings = {
				ALWAYS_SEARCH_USER_PATHS = NO;
				CLANG_ANALYZER_NONNULL = YES;
				CLANG_ANALYZER_NUMBER_OBJECT_CONVERSION = YES_AGGRESSIVE;
				CLANG_CXX_LANGUAGE_STANDARD = "gnu++17";
				CLANG_CXX_LIBRARY = "libc++";
				CLANG_ENABLE_MODULES = YES;
				CLANG_ENABLE_OBJC_ARC = YES;
				CLANG_ENABLE_OBJC_WEAK = YES;
				CLANG_WARN_BLOCK_CAPTURE_AUTORELEASING = YES;
				CLANG_WARN_BOOL_CONVERSION = YES;
				CLANG_WARN_COMMA = YES;
				CLANG_WARN_CONSTANT_CONVERSION = YES;
				CLANG_WARN_DEPRECATED_OBJC_IMPLEMENTATIONS = YES;
				CLANG_WARN_DIRECT_OBJC_ISA_USAGE = YES_ERROR;
				CLANG_WARN_DOCUMENTATION_COMMENTS = YES;
				CLANG_WARN_EMPTY_BODY = YES;
				CLANG_WARN_ENUM_CONVERSION = YES;
				CLANG_WARN_INFINITE_RECURSION = YES;
				CLANG_WARN_INT_CONVERSION = YES;
				CLANG_WARN_NON_LITERAL_NULL_CONVERSION = YES;
				CLANG_WARN_OBJC_IMPLICIT_RETAIN_SELF = YES;
				CLANG_WARN_OBJC_LITERAL_CONVERSION = YES;
				CLANG_WARN_OBJC_ROOT_CLASS = YES_ERROR;
				CLANG_WARN_QUOTED_INCLUDE_IN_FRAMEWORK_HEADER = YES;
				CLANG_WARN_RANGE_LOOP_ANALYSIS = YES;
				CLANG_WARN_STRICT_PROTOTYPES = YES;
				CLANG_WARN_SUSPICIOUS_MOVE = YES;
				CLANG_WARN_UNGUARDED_AVAILABILITY = YES_AGGRESSIVE;
				CLANG_WARN_UNREACHABLE_CODE = YES;
				CLANG_WARN__DUPLICATE_METHOD_MATCH = YES;
				COPY_PHASE_STRIP = NO;
				DEBUG_INFORMATION_FORMAT = dwarf;
				ENABLE_STRICT_OBJC_MSGSEND = YES;
				ENABLE_TESTABILITY = YES;
				GCC_C_LANGUAGE_STANDARD = gnu11;
				GCC_DYNAMIC_NO_PIC = NO;
				GCC_NO_COMMON_BLOCKS = YES;
				GCC_OPTIMIZATION_LEVEL = 0;
				GCC_PREPROCESSOR_DEFINITIONS = (
					"DEBUG=1",
					"$(inherited)",
				);
				GCC_WARN_64_TO_32_BIT_CONVERSION = YES;
				GCC_WARN_ABOUT_RETURN_TYPE = YES_ERROR;
				GCC_WARN_UNDECLARED_SELECTOR = YES;
				GCC_WARN_UNINITIALIZED_AUTOS = YES_AGGRESSIVE;
				GCC_WARN_UNUSED_FUNCTION = YES;
				GCC_WARN_UNUSED_VARIABLE = YES;
				MTL_ENABLE_DEBUG_INFO = INCLUDE_SOURCE;
				MTL_FAST_MATH = YES;
				ONLY_ACTIVE_ARCH = YES;
				SWIFT_ACTIVE_COMPILATION_CONDITIONS = DEBUG;
				SWIFT_OPTIMIZATION_LEVEL = "-Onone";
			};
			name = Debug;
		};
		FFDCD4382704C28700E02934 /* Release */ = {
			isa = XCBuildConfiguration;
			buildSettings = {
				ALWAYS_SEARCH_USER_PATHS = NO;
				CLANG_ANALYZER_NONNULL = YES;
				CLANG_ANALYZER_NUMBER_OBJECT_CONVERSION = YES_AGGRESSIVE;
				CLANG_CXX_LANGUAGE_STANDARD = "gnu++17";
				CLANG_CXX_LIBRARY = "libc++";
				CLANG_ENABLE_MODULES = YES;
				CLANG_ENABLE_OBJC_ARC = YES;
				CLANG_ENABLE_OBJC_WEAK = YES;
				CLANG_WARN_BLOCK_CAPTURE_AUTORELEASING = YES;
				CLANG_WARN_BOOL_CONVERSION = YES;
				CLANG_WARN_COMMA = YES;
				CLANG_WARN_CONSTANT_CONVERSION = YES;
				CLANG_WARN_DEPRECATED_OBJC_IMPLEMENTATIONS = YES;
				CLANG_WARN_DIRECT_OBJC_ISA_USAGE = YES_ERROR;
				CLANG_WARN_DOCUMENTATION_COMMENTS = YES;
				CLANG_WARN_EMPTY_BODY = YES;
				CLANG_WARN_ENUM_CONVERSION = YES;
				CLANG_WARN_INFINITE_RECURSION = YES;
				CLANG_WARN_INT_CONVERSION = YES;
				CLANG_WARN_NON_LITERAL_NULL_CONVERSION = YES;
				CLANG_WARN_OBJC_IMPLICIT_RETAIN_SELF = YES;
				CLANG_WARN_OBJC_LITERAL_CONVERSION = YES;
				CLANG_WARN_OBJC_ROOT_CLASS = YES_ERROR;
				CLANG_WARN_QUOTED_INCLUDE_IN_FRAMEWORK_HEADER = YES;
				CLANG_WARN_RANGE_LOOP_ANALYSIS = YES;
				CLANG_WARN_STRICT_PROTOTYPES = YES;
				CLANG_WARN_SUSPICIOUS_MOVE = YES;
				CLANG_WARN_UNGUARDED_AVAILABILITY = YES_AGGRESSIVE;
				CLANG_WARN_UNREACHABLE_CODE = YES;
				CLANG_WARN__DUPLICATE_METHOD_MATCH = YES;
				COPY_PHASE_STRIP = NO;
				DEBUG_INFORMATION_FORMAT = "dwarf-with-dsym";
				ENABLE_NS_ASSERTIONS = NO;
				ENABLE_STRICT_OBJC_MSGSEND = YES;
				GCC_C_LANGUAGE_STANDARD = gnu11;
				GCC_NO_COMMON_BLOCKS = YES;
				GCC_WARN_64_TO_32_BIT_CONVERSION = YES;
				GCC_WARN_ABOUT_RETURN_TYPE = YES_ERROR;
				GCC_WARN_UNDECLARED_SELECTOR = YES;
				GCC_WARN_UNINITIALIZED_AUTOS = YES_AGGRESSIVE;
				GCC_WARN_UNUSED_FUNCTION = YES;
				GCC_WARN_UNUSED_VARIABLE = YES;
				MTL_ENABLE_DEBUG_INFO = NO;
				MTL_FAST_MATH = YES;
				SWIFT_COMPILATION_MODE = wholemodule;
				SWIFT_OPTIMIZATION_LEVEL = "-O";
			};
			name = Release;
		};
		FFDCD43A2704C28700E02934 /* Debug */ = {
			isa = XCBuildConfiguration;
			buildSettings = {
				ASSETCATALOG_COMPILER_APPICON_NAME = AppIcon;
				ASSETCATALOG_COMPILER_GLOBAL_ACCENT_COLOR_NAME = AccentColor;
				CODE_SIGN_STYLE = Automatic;
				CURRENT_PROJECT_VERSION = 1;
				DEVELOPMENT_TEAM = 2A59FUGCBE;
				ENABLE_PREVIEWS = YES;
				GENERATE_INFOPLIST_FILE = YES;
				INFOPLIST_KEY_UIApplicationSceneManifest_Generation = YES;
				INFOPLIST_KEY_UIApplicationSupportsIndirectInputEvents = YES;
				INFOPLIST_KEY_UILaunchScreen_Generation = YES;
				INFOPLIST_KEY_UISupportedInterfaceOrientations_iPad = "UIInterfaceOrientationPortrait UIInterfaceOrientationPortraitUpsideDown UIInterfaceOrientationLandscapeLeft UIInterfaceOrientationLandscapeRight";
				INFOPLIST_KEY_UISupportedInterfaceOrientations_iPhone = "UIInterfaceOrientationPortrait UIInterfaceOrientationLandscapeLeft UIInterfaceOrientationLandscapeRight";
				IPHONEOS_DEPLOYMENT_TARGET = 15.0;
				LD_RUNPATH_SEARCH_PATHS = (
					"$(inherited)",
					"@executable_path/Frameworks",
				);
				MARKETING_VERSION = 1.0;
				PRODUCT_BUNDLE_IDENTIFIER = dev.loyi.Feedex;
				PRODUCT_NAME = Feedex;
				SDKROOT = iphoneos;
				SWIFT_EMIT_LOC_STRINGS = YES;
				SWIFT_VERSION = 5.0;
				TARGETED_DEVICE_FAMILY = "1,2";
			};
			name = Debug;
		};
		FFDCD43B2704C28700E02934 /* Release */ = {
			isa = XCBuildConfiguration;
			buildSettings = {
				ASSETCATALOG_COMPILER_APPICON_NAME = AppIcon;
				ASSETCATALOG_COMPILER_GLOBAL_ACCENT_COLOR_NAME = AccentColor;
				CODE_SIGN_STYLE = Automatic;
				CURRENT_PROJECT_VERSION = 1;
				DEVELOPMENT_TEAM = 2A59FUGCBE;
				ENABLE_PREVIEWS = YES;
				GENERATE_INFOPLIST_FILE = YES;
				INFOPLIST_KEY_UIApplicationSceneManifest_Generation = YES;
				INFOPLIST_KEY_UIApplicationSupportsIndirectInputEvents = YES;
				INFOPLIST_KEY_UILaunchScreen_Generation = YES;
				INFOPLIST_KEY_UISupportedInterfaceOrientations_iPad = "UIInterfaceOrientationPortrait UIInterfaceOrientationPortraitUpsideDown UIInterfaceOrientationLandscapeLeft UIInterfaceOrientationLandscapeRight";
				INFOPLIST_KEY_UISupportedInterfaceOrientations_iPhone = "UIInterfaceOrientationPortrait UIInterfaceOrientationLandscapeLeft UIInterfaceOrientationLandscapeRight";
				IPHONEOS_DEPLOYMENT_TARGET = 15.0;
				LD_RUNPATH_SEARCH_PATHS = (
					"$(inherited)",
					"@executable_path/Frameworks",
				);
				MARKETING_VERSION = 1.0;
				PRODUCT_BUNDLE_IDENTIFIER = dev.loyi.Feedex;
				PRODUCT_NAME = Feedex;
				SDKROOT = iphoneos;
				SWIFT_EMIT_LOC_STRINGS = YES;
				SWIFT_VERSION = 5.0;
				TARGETED_DEVICE_FAMILY = "1,2";
				VALIDATE_PRODUCT = YES;
			};
			name = Release;
		};
		FFDCD43D2704C28700E02934 /* Debug */ = {
			isa = XCBuildConfiguration;
			buildSettings = {
				ASSETCATALOG_COMPILER_APPICON_NAME = AppIcon;
				ASSETCATALOG_COMPILER_GLOBAL_ACCENT_COLOR_NAME = AccentColor;
				CODE_SIGN_ENTITLEMENTS = macOS/macOS.entitlements;
				CODE_SIGN_STYLE = Automatic;
				COMBINE_HIDPI_IMAGES = YES;
				CURRENT_PROJECT_VERSION = 1;
				DEVELOPMENT_TEAM = 2A59FUGCBE;
				ENABLE_HARDENED_RUNTIME = YES;
				ENABLE_PREVIEWS = YES;
				GENERATE_INFOPLIST_FILE = YES;
				INFOPLIST_KEY_NSHumanReadableCopyright = "";
				LD_RUNPATH_SEARCH_PATHS = (
					"$(inherited)",
					"@executable_path/../Frameworks",
				);
				MACOSX_DEPLOYMENT_TARGET = 11.0;
				MARKETING_VERSION = 1.0;
				PRODUCT_BUNDLE_IDENTIFIER = dev.loyi.Feedex;
				PRODUCT_NAME = Feedex;
				SDKROOT = macosx;
				SWIFT_EMIT_LOC_STRINGS = YES;
				SWIFT_VERSION = 5.0;
			};
			name = Debug;
		};
		FFDCD43E2704C28700E02934 /* Release */ = {
			isa = XCBuildConfiguration;
			buildSettings = {
				ASSETCATALOG_COMPILER_APPICON_NAME = AppIcon;
				ASSETCATALOG_COMPILER_GLOBAL_ACCENT_COLOR_NAME = AccentColor;
				CODE_SIGN_ENTITLEMENTS = macOS/macOS.entitlements;
				CODE_SIGN_STYLE = Automatic;
				COMBINE_HIDPI_IMAGES = YES;
				CURRENT_PROJECT_VERSION = 1;
				DEVELOPMENT_TEAM = 2A59FUGCBE;
				ENABLE_HARDENED_RUNTIME = YES;
				ENABLE_PREVIEWS = YES;
				GENERATE_INFOPLIST_FILE = YES;
				INFOPLIST_KEY_NSHumanReadableCopyright = "";
				LD_RUNPATH_SEARCH_PATHS = (
					"$(inherited)",
					"@executable_path/../Frameworks",
				);
				MACOSX_DEPLOYMENT_TARGET = 11.0;
				MARKETING_VERSION = 1.0;
				PRODUCT_BUNDLE_IDENTIFIER = dev.loyi.Feedex;
				PRODUCT_NAME = Feedex;
				SDKROOT = macosx;
				SWIFT_EMIT_LOC_STRINGS = YES;
				SWIFT_VERSION = 5.0;
			};
			name = Release;
		};
/* End XCBuildConfiguration section */

/* Begin XCConfigurationList section */
		FFDCD4182704C28500E02934 /* Build configuration list for PBXProject "Feedex" */ = {
			isa = XCConfigurationList;
			buildConfigurations = (
				FFDCD4372704C28700E02934 /* Debug */,
				FFDCD4382704C28700E02934 /* Release */,
			);
			defaultConfigurationIsVisible = 0;
			defaultConfigurationName = Release;
		};
		FFDCD4392704C28700E02934 /* Build configuration list for PBXNativeTarget "Feedex (iOS)" */ = {
			isa = XCConfigurationList;
			buildConfigurations = (
				FFDCD43A2704C28700E02934 /* Debug */,
				FFDCD43B2704C28700E02934 /* Release */,
			);
			defaultConfigurationIsVisible = 0;
			defaultConfigurationName = Release;
		};
		FFDCD43C2704C28700E02934 /* Build configuration list for PBXNativeTarget "Feedex (macOS)" */ = {
			isa = XCConfigurationList;
			buildConfigurations = (
				FFDCD43D2704C28700E02934 /* Debug */,
				FFDCD43E2704C28700E02934 /* Release */,
			);
			defaultConfigurationIsVisible = 0;
			defaultConfigurationName = Release;
		};
/* End XCConfigurationList section */

/* Begin XCRemoteSwiftPackageReference section */
		FFE078CD27062B6B0057F7AA /* XCRemoteSwiftPackageReference "SwiftSoup" */ = {
			isa = XCRemoteSwiftPackageReference;
			repositoryURL = "https://github.com/scinfu/SwiftSoup";
			requirement = {
				kind = upToNextMajorVersion;
				minimumVersion = 2.0.0;
			};
		};
/* End XCRemoteSwiftPackageReference section */

/* Begin XCSwiftPackageProductDependency section */
		FFE078CE27062B6B0057F7AA /* SwiftSoup */ = {
			isa = XCSwiftPackageProductDependency;
			package = FFE078CD27062B6B0057F7AA /* XCRemoteSwiftPackageReference "SwiftSoup" */;
			productName = SwiftSoup;
		};
/* End XCSwiftPackageProductDependency section */

/* Begin XCVersionGroup section */
		FFDCD41A2704C28600E02934 /* Feedex.xcdatamodeld */ = {
			isa = XCVersionGroup;
			children = (
				FFDCD41B2704C28600E02934 /* Shared.xcdatamodel */,
			);
			currentVersion = FFDCD41B2704C28600E02934 /* Shared.xcdatamodel */;
			path = Feedex.xcdatamodeld;
			sourceTree = "<group>";
			versionGroupType = wrapper.xcdatamodel;
		};
/* End XCVersionGroup section */
	};
	rootObject = FFDCD4152704C28500E02934 /* Project object */;
}
